// !$*UTF8*$!
{
	archiveVersion = 1;
	classes = {
	};
	objectVersion = 46;
	objects = {

/* Begin PBXBuildFile section */
		64466571FAB7296A2ADA26D7 /* Pods_weiboLearnSwift.framework in Frameworks */ = {isa = PBXBuildFile; fileRef = AF5595E5B42DF059CE6951A3 /* Pods_weiboLearnSwift.framework */; };
		E9AD2B1B1F4BBF0600D60C34 /* Assets.xcassets in Resources */ = {isa = PBXBuildFile; fileRef = E9AD2B131F4BBF0600D60C34 /* Assets.xcassets */; };
		E9AD2B1C1F4BBF0600D60C34 /* AppDelegate.swift in Sources */ = {isa = PBXBuildFile; fileRef = E9AD2B161F4BBF0600D60C34 /* AppDelegate.swift */; };
		E9AD2B5C1F4BC2DD00D60C34 /* Main.storyboard in Resources */ = {isa = PBXBuildFile; fileRef = E9AD2B5B1F4BC2DD00D60C34 /* Main.storyboard */; };
		E9AD2B6F1F4BD25D00D60C34 /* JHWbLoginViewController.swift in Sources */ = {isa = PBXBuildFile; fileRef = E9AD2B6E1F4BD25D00D60C34 /* JHWbLoginViewController.swift */; };
		E9AD2B811F4BD4E200D60C34 /* JHWbHomeTableViewController.storyboard in Resources */ = {isa = PBXBuildFile; fileRef = E9AD2B801F4BD4E200D60C34 /* JHWbHomeTableViewController.storyboard */; };
		E9AD2B831F4BD4FD00D60C34 /* JHWbMessageTableTableViewController.storyboard in Resources */ = {isa = PBXBuildFile; fileRef = E9AD2B821F4BD4FD00D60C34 /* JHWbMessageTableTableViewController.storyboard */; };
		E9AD2B851F4BD51000D60C34 /* JHWbDiscoverTableViewController.storyboard in Resources */ = {isa = PBXBuildFile; fileRef = E9AD2B841F4BD51000D60C34 /* JHWbDiscoverTableViewController.storyboard */; };
		E9AD2B871F4BD52500D60C34 /* JHWbMeTableViewController.storyboard in Resources */ = {isa = PBXBuildFile; fileRef = E9AD2B861F4BD52500D60C34 /* JHWbMeTableViewController.storyboard */; };
		E9AD2B8F1F4BD72600D60C34 /* JHWbHomeTableViewController.swift in Sources */ = {isa = PBXBuildFile; fileRef = E9AD2B8E1F4BD72600D60C34 /* JHWbHomeTableViewController.swift */; };
		E9AD2B911F4BD75300D60C34 /* JHWbMessageTableTableViewController.swift in Sources */ = {isa = PBXBuildFile; fileRef = E9AD2B901F4BD75300D60C34 /* JHWbMessageTableTableViewController.swift */; };
		E9AD2B971F4BD86400D60C34 /* JHWbDiscoverTableViewController.swift in Sources */ = {isa = PBXBuildFile; fileRef = E9AD2B961F4BD86400D60C34 /* JHWbDiscoverTableViewController.swift */; };
		E9AD2B9B1F4BD8C500D60C34 /* JHWbMeTableViewController.swift in Sources */ = {isa = PBXBuildFile; fileRef = E9AD2B9A1F4BD8C500D60C34 /* JHWbMeTableViewController.swift */; };
/* End PBXBuildFile section */

/* Begin PBXFileReference section */
		5D54D10EED44105E50CAF59E /* Pods-weiboLearnSwift.release.xcconfig */ = {isa = PBXFileReference; includeInIndex = 1; lastKnownFileType = text.xcconfig; name = "Pods-weiboLearnSwift.release.xcconfig"; path = "Pods/Target Support Files/Pods-weiboLearnSwift/Pods-weiboLearnSwift.release.xcconfig"; sourceTree = "<group>"; };
		AF5595E5B42DF059CE6951A3 /* Pods_weiboLearnSwift.framework */ = {isa = PBXFileReference; explicitFileType = wrapper.framework; includeInIndex = 0; path = Pods_weiboLearnSwift.framework; sourceTree = BUILT_PRODUCTS_DIR; };
		B1483462D2CE2FF525D87E64 /* Pods-weiboLearnSwift.debug.xcconfig */ = {isa = PBXFileReference; includeInIndex = 1; lastKnownFileType = text.xcconfig; name = "Pods-weiboLearnSwift.debug.xcconfig"; path = "Pods/Target Support Files/Pods-weiboLearnSwift/Pods-weiboLearnSwift.debug.xcconfig"; sourceTree = "<group>"; };
		E9AD2AE21F4BBA7800D60C34 /* weiboLearnSwift.app */ = {isa = PBXFileReference; explicitFileType = wrapper.application; includeInIndex = 0; path = weiboLearnSwift.app; sourceTree = BUILT_PRODUCTS_DIR; };
		E9AD2B131F4BBF0600D60C34 /* Assets.xcassets */ = {isa = PBXFileReference; lastKnownFileType = folder.assetcatalog; path = Assets.xcassets; sourceTree = "<group>"; };
		E9AD2B161F4BBF0600D60C34 /* AppDelegate.swift */ = {isa = PBXFileReference; fileEncoding = 4; lastKnownFileType = sourcecode.swift; path = AppDelegate.swift; sourceTree = "<group>"; };
		E9AD2B5B1F4BC2DD00D60C34 /* Main.storyboard */ = {isa = PBXFileReference; fileEncoding = 4; lastKnownFileType = file.storyboard; name = Main.storyboard; path = ../../../Main.storyboard; sourceTree = "<group>"; };
		E9AD2B6E1F4BD25D00D60C34 /* JHWbLoginViewController.swift */ = {isa = PBXFileReference; fileEncoding = 4; lastKnownFileType = sourcecode.swift; path = JHWbLoginViewController.swift; sourceTree = "<group>"; };
		E9AD2B801F4BD4E200D60C34 /* JHWbHomeTableViewController.storyboard */ = {isa = PBXFileReference; fileEncoding = 4; lastKnownFileType = file.storyboard; name = JHWbHomeTableViewController.storyboard; path = weiboLearnSwift/Classes/Features/1Home/JHWbHomeTableViewController.storyboard; sourceTree = SOURCE_ROOT; };
		E9AD2B821F4BD4FD00D60C34 /* JHWbMessageTableTableViewController.storyboard */ = {isa = PBXFileReference; fileEncoding = 4; lastKnownFileType = file.storyboard; name = JHWbMessageTableTableViewController.storyboard; path = weiboLearnSwift/Classes/Features/2Message/JHWbMessageTableTableViewController.storyboard; sourceTree = SOURCE_ROOT; };
		E9AD2B841F4BD51000D60C34 /* JHWbDiscoverTableViewController.storyboard */ = {isa = PBXFileReference; fileEncoding = 4; lastKnownFileType = file.storyboard; name = JHWbDiscoverTableViewController.storyboard; path = weiboLearnSwift/Classes/Features/3Discover/JHWbDiscoverTableViewController.storyboard; sourceTree = SOURCE_ROOT; };
		E9AD2B861F4BD52500D60C34 /* JHWbMeTableViewController.storyboard */ = {isa = PBXFileReference; fileEncoding = 4; lastKnownFileType = file.storyboard; name = JHWbMeTableViewController.storyboard; path = weiboLearnSwift/Classes/Features/4Me/JHWbMeTableViewController.storyboard; sourceTree = SOURCE_ROOT; };
		E9AD2B8E1F4BD72600D60C34 /* JHWbHomeTableViewController.swift */ = {isa = PBXFileReference; fileEncoding = 4; lastKnownFileType = sourcecode.swift; name = JHWbHomeTableViewController.swift; path = weiboLearnSwift/Classes/Features/1Home/JHWbHomeTableViewController.swift; sourceTree = SOURCE_ROOT; };
		E9AD2B901F4BD75300D60C34 /* JHWbMessageTableTableViewController.swift */ = {isa = PBXFileReference; fileEncoding = 4; lastKnownFileType = sourcecode.swift; name = JHWbMessageTableTableViewController.swift; path = weiboLearnSwift/Classes/Features/2Message/JHWbMessageTableTableViewController.swift; sourceTree = SOURCE_ROOT; };
		E9AD2B961F4BD86400D60C34 /* JHWbDiscoverTableViewController.swift */ = {isa = PBXFileReference; fileEncoding = 4; lastKnownFileType = sourcecode.swift; name = JHWbDiscoverTableViewController.swift; path = weiboLearnSwift/Classes/Features/3Discover/JHWbDiscoverTableViewController.swift; sourceTree = SOURCE_ROOT; };
		E9AD2B9A1F4BD8C500D60C34 /* JHWbMeTableViewController.swift */ = {isa = PBXFileReference; fileEncoding = 4; lastKnownFileType = sourcecode.swift; name = JHWbMeTableViewController.swift; path = weiboLearnSwift/Classes/Features/4Me/JHWbMeTableViewController.swift; sourceTree = SOURCE_ROOT; };
		E9AD2B9C1F4BD9C400D60C34 /* Info.plist */ = {isa = PBXFileReference; lastKnownFileType = text.plist.xml; path = Info.plist; sourceTree = "<group>"; };
/* End PBXFileReference section */

/* Begin PBXFrameworksBuildPhase section */
		E9AD2ADF1F4BBA7800D60C34 /* Frameworks */ = {
			isa = PBXFrameworksBuildPhase;
			buildActionMask = 2147483647;
			files = (
				64466571FAB7296A2ADA26D7 /* Pods_weiboLearnSwift.framework in Frameworks */,
			);
			runOnlyForDeploymentPostprocessing = 0;
		};
/* End PBXFrameworksBuildPhase section */

/* Begin PBXGroup section */
		4E9F65AF3D3CE8532482677F /* Pods */ = {
			isa = PBXGroup;
			children = (
				B1483462D2CE2FF525D87E64 /* Pods-weiboLearnSwift.debug.xcconfig */,
				5D54D10EED44105E50CAF59E /* Pods-weiboLearnSwift.release.xcconfig */,
			);
			name = Pods;
			sourceTree = "<group>";
		};
		6EE0ED2E7C33253A3377DBEA /* Frameworks */ = {
			isa = PBXGroup;
			children = (
				AF5595E5B42DF059CE6951A3 /* Pods_weiboLearnSwift.framework */,
			);
			name = Frameworks;
			sourceTree = "<group>";
		};
		E9AD2AD91F4BBA7800D60C34 = {
			isa = PBXGroup;
			children = (
				E9AD2AE41F4BBA7800D60C34 /* weiboLearnSwift */,
				E9AD2AE31F4BBA7800D60C34 /* Products */,
				4E9F65AF3D3CE8532482677F /* Pods */,
				6EE0ED2E7C33253A3377DBEA /* Frameworks */,
			);
			sourceTree = "<group>";
		};
		E9AD2AE31F4BBA7800D60C34 /* Products */ = {
			isa = PBXGroup;
			children = (
				E9AD2AE21F4BBA7800D60C34 /* weiboLearnSwift.app */,
			);
			name = Products;
			sourceTree = "<group>";
		};
		E9AD2AE41F4BBA7800D60C34 /* weiboLearnSwift */ = {
			isa = PBXGroup;
			children = (
				E9AD2B131F4BBF0600D60C34 /* Assets.xcassets */,
				E9AD2B9C1F4BD9C400D60C34 /* Info.plist */,
				E9AD2B141F4BBF0600D60C34 /* Classes */,
			);
			path = weiboLearnSwift;
			sourceTree = "<group>";
		};
		E9AD2B141F4BBF0600D60C34 /* Classes */ = {
			isa = PBXGroup;
			children = (
				E9AD2B151F4BBF0600D60C34 /* AppDelegate */,
				E9AD2B5E1F4BCFC500D60C34 /* Features */,
				E9AD2B181F4BBF0600D60C34 /* Model */,
				E9AD2B191F4BBF0600D60C34 /* Network */,
				E9AD2B1A1F4BBF0600D60C34 /* Util */,
			);
			path = Classes;
			sourceTree = "<group>";
		};
		E9AD2B151F4BBF0600D60C34 /* AppDelegate */ = {
			isa = PBXGroup;
			children = (
				E9AD2B161F4BBF0600D60C34 /* AppDelegate.swift */,
				E9AD2B5B1F4BC2DD00D60C34 /* Main.storyboard */,
			);
			path = AppDelegate;
			sourceTree = "<group>";
		};
		E9AD2B181F4BBF0600D60C34 /* Model */ = {
			isa = PBXGroup;
			children = (
			);
			path = Model;
			sourceTree = "<group>";
		};
		E9AD2B191F4BBF0600D60C34 /* Network */ = {
			isa = PBXGroup;
			children = (
			);
			path = Network;
			sourceTree = "<group>";
		};
		E9AD2B1A1F4BBF0600D60C34 /* Util */ = {
			isa = PBXGroup;
			children = (
			);
			path = Util;
			sourceTree = "<group>";
		};
		E9AD2B5E1F4BCFC500D60C34 /* Features */ = {
			isa = PBXGroup;
			children = (
				E9AD2B631F4BCFC500D60C34 /* Main */,
				E9AD2B611F4BCFC500D60C34 /* 1Home */,
				E9AD2B651F4BCFC500D60C34 /* 2Message */,
				E9AD2B601F4BCFC500D60C34 /* 3Discover */,
				E9AD2B641F4BCFC500D60C34 /* 4Me */,
				E9AD2B5F1F4BCFC500D60C34 /* Auto */,
				E9AD2B621F4BCFC500D60C34 /* Login */,
			);
			path = Features;
			sourceTree = "<group>";
		};
		E9AD2B5F1F4BCFC500D60C34 /* Auto */ = {
			isa = PBXGroup;
			children = (
			);
			path = Auto;
			sourceTree = "<group>";
		};
		E9AD2B601F4BCFC500D60C34 /* 3Discover */ = {
			isa = PBXGroup;
			children = (
				E9AD2B841F4BD51000D60C34 /* JHWbDiscoverTableViewController.storyboard */,
				E9AD2B961F4BD86400D60C34 /* JHWbDiscoverTableViewController.swift */,
			);
			name = 3Discover;
			path = Discover;
			sourceTree = "<group>";
		};
		E9AD2B611F4BCFC500D60C34 /* 1Home */ = {
			isa = PBXGroup;
			children = (
				E9AD2B801F4BD4E200D60C34 /* JHWbHomeTableViewController.storyboard */,
				E9AD2B8E1F4BD72600D60C34 /* JHWbHomeTableViewController.swift */,
			);
			name = 1Home;
			path = Home;
			sourceTree = "<group>";
		};
		E9AD2B621F4BCFC500D60C34 /* Login */ = {
			isa = PBXGroup;
			children = (
				E9AD2B6E1F4BD25D00D60C34 /* JHWbLoginViewController.swift */,
			);
			path = Login;
			sourceTree = "<group>";
		};
		E9AD2B631F4BCFC500D60C34 /* Main */ = {
			isa = PBXGroup;
			children = (
			);
			path = Main;
			sourceTree = "<group>";
		};
		E9AD2B641F4BCFC500D60C34 /* 4Me */ = {
			isa = PBXGroup;
			children = (
				E9AD2B9A1F4BD8C500D60C34 /* JHWbMeTableViewController.swift */,
				E9AD2B861F4BD52500D60C34 /* JHWbMeTableViewController.storyboard */,
			);
			name = 4Me;
			path = Me;
			sourceTree = "<group>";
		};
		E9AD2B651F4BCFC500D60C34 /* 2Message */ = {
			isa = PBXGroup;
			children = (
				E9AD2B821F4BD4FD00D60C34 /* JHWbMessageTableTableViewController.storyboard */,
				E9AD2B901F4BD75300D60C34 /* JHWbMessageTableTableViewController.swift */,
			);
			name = 2Message;
			path = Message;
			sourceTree = "<group>";
		};
/* End PBXGroup section */

/* Begin PBXNativeTarget section */
		E9AD2AE11F4BBA7800D60C34 /* weiboLearnSwift */ = {
			isa = PBXNativeTarget;
			buildConfigurationList = E9AD2B0A1F4BBA7800D60C34 /* Build configuration list for PBXNativeTarget "weiboLearnSwift" */;
			buildPhases = (
				27AF282028E3258528D90692 /* [CP] Check Pods Manifest.lock */,
				E9AD2ADE1F4BBA7800D60C34 /* Sources */,
				E9AD2ADF1F4BBA7800D60C34 /* Frameworks */,
				E9AD2AE01F4BBA7800D60C34 /* Resources */,
				C01FE7FD6F0413814F125E0D /* [CP] Embed Pods Frameworks */,
				9077E71FB75241066F86D34A /* [CP] Copy Pods Resources */,
			);
			buildRules = (
			);
			dependencies = (
			);
			name = weiboLearnSwift;
			productName = weiboLearnSwift;
			productReference = E9AD2AE21F4BBA7800D60C34 /* weiboLearnSwift.app */;
			productType = "com.apple.product-type.application";
		};
/* End PBXNativeTarget section */

/* Begin PBXProject section */
		E9AD2ADA1F4BBA7800D60C34 /* Project object */ = {
			isa = PBXProject;
			attributes = {
				CLASSPREFIX = JHWb;
				LastSwiftUpdateCheck = 0830;
				LastUpgradeCheck = 0830;
				ORGANIZATIONNAME = "万家豪";
				TargetAttributes = {
					E9AD2AE11F4BBA7800D60C34 = {
						CreatedOnToolsVersion = 8.3.3;
						DevelopmentTeam = QMR2DC8U7N;
						ProvisioningStyle = Automatic;
					};
				};
			};
			buildConfigurationList = E9AD2ADD1F4BBA7800D60C34 /* Build configuration list for PBXProject "weiboLearnSwift" */;
			compatibilityVersion = "Xcode 3.2";
			developmentRegion = English;
			hasScannedForEncodings = 0;
			knownRegions = (
				en,
				Base,
			);
			mainGroup = E9AD2AD91F4BBA7800D60C34;
			productRefGroup = E9AD2AE31F4BBA7800D60C34 /* Products */;
			projectDirPath = "";
			projectRoot = "";
			targets = (
				E9AD2AE11F4BBA7800D60C34 /* weiboLearnSwift */,
			);
		};
/* End PBXProject section */

/* Begin PBXResourcesBuildPhase section */
		E9AD2AE01F4BBA7800D60C34 /* Resources */ = {
			isa = PBXResourcesBuildPhase;
			buildActionMask = 2147483647;
			files = (
				E9AD2B851F4BD51000D60C34 /* JHWbDiscoverTableViewController.storyboard in Resources */,
				E9AD2B831F4BD4FD00D60C34 /* JHWbMessageTableTableViewController.storyboard in Resources */,
				E9AD2B811F4BD4E200D60C34 /* JHWbHomeTableViewController.storyboard in Resources */,
				E9AD2B5C1F4BC2DD00D60C34 /* Main.storyboard in Resources */,
				E9AD2B1B1F4BBF0600D60C34 /* Assets.xcassets in Resources */,
				E9AD2B871F4BD52500D60C34 /* JHWbMeTableViewController.storyboard in Resources */,
			);
			runOnlyForDeploymentPostprocessing = 0;
		};
/* End PBXResourcesBuildPhase section */

/* Begin PBXShellScriptBuildPhase section */
		27AF282028E3258528D90692 /* [CP] Check Pods Manifest.lock */ = {
			isa = PBXShellScriptBuildPhase;
			buildActionMask = 2147483647;
			files = (
			);
			inputPaths = (
			);
			name = "[CP] Check Pods Manifest.lock";
			outputPaths = (
			);
			runOnlyForDeploymentPostprocessing = 0;
			shellPath = /bin/sh;
			shellScript = "diff \"${PODS_PODFILE_DIR_PATH}/Podfile.lock\" \"${PODS_ROOT}/Manifest.lock\" > /dev/null\nif [ $? != 0 ] ; then\n    # print error to STDERR\n    echo \"error: The sandbox is not in sync with the Podfile.lock. Run 'pod install' or update your CocoaPods installation.\" >&2\n    exit 1\nfi\n";
			showEnvVarsInLog = 0;
		};
		9077E71FB75241066F86D34A /* [CP] Copy Pods Resources */ = {
			isa = PBXShellScriptBuildPhase;
			buildActionMask = 2147483647;
			files = (
			);
			inputPaths = (
			);
			name = "[CP] Copy Pods Resources";
			outputPaths = (
			);
			runOnlyForDeploymentPostprocessing = 0;
			shellPath = /bin/sh;
			shellScript = "\"${SRCROOT}/Pods/Target Support Files/Pods-weiboLearnSwift/Pods-weiboLearnSwift-resources.sh\"\n";
			showEnvVarsInLog = 0;
		};
		C01FE7FD6F0413814F125E0D /* [CP] Embed Pods Frameworks */ = {
			isa = PBXShellScriptBuildPhase;
			buildActionMask = 2147483647;
			files = (
			);
			inputPaths = (
			);
			name = "[CP] Embed Pods Frameworks";
			outputPaths = (
			);
			runOnlyForDeploymentPostprocessing = 0;
			shellPath = /bin/sh;
			shellScript = "\"${SRCROOT}/Pods/Target Support Files/Pods-weiboLearnSwift/Pods-weiboLearnSwift-frameworks.sh\"\n";
			showEnvVarsInLog = 0;
		};
/* End PBXShellScriptBuildPhase section */

/* Begin PBXSourcesBuildPhase section */
		E9AD2ADE1F4BBA7800D60C34 /* Sources */ = {
			isa = PBXSourcesBuildPhase;
			buildActionMask = 2147483647;
			files = (
				E9AD2B9B1F4BD8C500D60C34 /* JHWbMeTableViewController.swift in Sources */,
				E9AD2B971F4BD86400D60C34 /* JHWbDiscoverTableViewController.swift in Sources */,
				E9AD2B911F4BD75300D60C34 /* JHWbMessageTableTableViewController.swift in Sources */,
				E9AD2B1C1F4BBF0600D60C34 /* AppDelegate.swift in Sources */,
				E9AD2B8F1F4BD72600D60C34 /* JHWbHomeTableViewController.swift in Sources */,
				E9AD2B6F1F4BD25D00D60C34 /* JHWbLoginViewController.swift in Sources */,
			);
			runOnlyForDeploymentPostprocessing = 0;
		};
/* End PBXSourcesBuildPhase section */

/* Begin XCBuildConfiguration section */
		E9AD2B081F4BBA7800D60C34 /* Debug */ = {
			isa = XCBuildConfiguration;
			buildSettings = {
				ALWAYS_SEARCH_USER_PATHS = NO;
				CLANG_ANALYZER_NONNULL = YES;
				CLANG_ANALYZER_NUMBER_OBJECT_CONVERSION = YES_AGGRESSIVE;
				CLANG_CXX_LANGUAGE_STANDARD = "gnu++0x";
				CLANG_CXX_LIBRARY = "libc++";
				CLANG_ENABLE_MODULES = YES;
				CLANG_ENABLE_OBJC_ARC = YES;
				CLANG_WARN_BOOL_CONVERSION = YES;
				CLANG_WARN_CONSTANT_CONVERSION = YES;
				CLANG_WARN_DIRECT_OBJC_ISA_USAGE = YES_ERROR;
				CLANG_WARN_DOCUMENTATION_COMMENTS = YES;
				CLANG_WARN_EMPTY_BODY = YES;
				CLANG_WARN_ENUM_CONVERSION = YES;
				CLANG_WARN_INFINITE_RECURSION = YES;
				CLANG_WARN_INT_CONVERSION = YES;
				CLANG_WARN_OBJC_ROOT_CLASS = YES_ERROR;
				CLANG_WARN_SUSPICIOUS_MOVE = YES;
				CLANG_WARN_UNREACHABLE_CODE = YES;
				CLANG_WARN__DUPLICATE_METHOD_MATCH = YES;
				"CODE_SIGN_IDENTITY[sdk=iphoneos*]" = "iPhone Developer";
				COPY_PHASE_STRIP = NO;
				DEBUG_INFORMATION_FORMAT = dwarf;
				ENABLE_STRICT_OBJC_MSGSEND = YES;
				ENABLE_TESTABILITY = YES;
				GCC_C_LANGUAGE_STANDARD = gnu99;
				GCC_DYNAMIC_NO_PIC = NO;
				GCC_NO_COMMON_BLOCKS = YES;
				GCC_OPTIMIZATION_LEVEL = 0;
				GCC_PREPROCESSOR_DEFINITIONS = (
					"DEBUG=1",
					"$(inherited)",
				);
				GCC_WARN_64_TO_32_BIT_CONVERSION = YES;
				GCC_WARN_ABOUT_RETURN_TYPE = YES_ERROR;
				GCC_WARN_UNDECLARED_SELECTOR = YES;
				GCC_WARN_UNINITIALIZED_AUTOS = YES_AGGRESSIVE;
				GCC_WARN_UNUSED_FUNCTION = YES;
				GCC_WARN_UNUSED_VARIABLE = YES;
				IPHONEOS_DEPLOYMENT_TARGET = 10.3;
				MTL_ENABLE_DEBUG_INFO = YES;
				ONLY_ACTIVE_ARCH = YES;
				SDKROOT = iphoneos;
				SWIFT_ACTIVE_COMPILATION_CONDITIONS = DEBUG;
				SWIFT_OPTIMIZATION_LEVEL = "-Onone";
			};
			name = Debug;
		};
		E9AD2B091F4BBA7800D60C34 /* Release */ = {
			isa = XCBuildConfiguration;
			buildSettings = {
				ALWAYS_SEARCH_USER_PATHS = NO;
				CLANG_ANALYZER_NONNULL = YES;
				CLANG_ANALYZER_NUMBER_OBJECT_CONVERSION = YES_AGGRESSIVE;
				CLANG_CXX_LANGUAGE_STANDARD = "gnu++0x";
				CLANG_CXX_LIBRARY = "libc++";
				CLANG_ENABLE_MODULES = YES;
				CLANG_ENABLE_OBJC_ARC = YES;
				CLANG_WARN_BOOL_CONVERSION = YES;
				CLANG_WARN_CONSTANT_CONVERSION = YES;
				CLANG_WARN_DIRECT_OBJC_ISA_USAGE = YES_ERROR;
				CLANG_WARN_DOCUMENTATION_COMMENTS = YES;
				CLANG_WARN_EMPTY_BODY = YES;
				CLANG_WARN_ENUM_CONVERSION = YES;
				CLANG_WARN_INFINITE_RECURSION = YES;
				CLANG_WARN_INT_CONVERSION = YES;
				CLANG_WARN_OBJC_ROOT_CLASS = YES_ERROR;
				CLANG_WARN_SUSPICIOUS_MOVE = YES;
				CLANG_WARN_UNREACHABLE_CODE = YES;
				CLANG_WARN__DUPLICATE_METHOD_MATCH = YES;
				"CODE_SIGN_IDENTITY[sdk=iphoneos*]" = "iPhone Developer";
				COPY_PHASE_STRIP = NO;
				DEBUG_INFORMATION_FORMAT = "dwarf-with-dsym";
				ENABLE_NS_ASSERTIONS = NO;
				ENABLE_STRICT_OBJC_MSGSEND = YES;
				GCC_C_LANGUAGE_STANDARD = gnu99;
				GCC_NO_COMMON_BLOCKS = YES;
				GCC_WARN_64_TO_32_BIT_CONVERSION = YES;
				GCC_WARN_ABOUT_RETURN_TYPE = YES_ERROR;
				GCC_WARN_UNDECLARED_SELECTOR = YES;
				GCC_WARN_UNINITIALIZED_AUTOS = YES_AGGRESSIVE;
				GCC_WARN_UNUSED_FUNCTION = YES;
				GCC_WARN_UNUSED_VARIABLE = YES;
				IPHONEOS_DEPLOYMENT_TARGET = 10.3;
				MTL_ENABLE_DEBUG_INFO = NO;
				SDKROOT = iphoneos;
				SWIFT_OPTIMIZATION_LEVEL = "-Owholemodule";
				VALIDATE_PRODUCT = YES;
			};
			name = Release;
		};
		E9AD2B0B1F4BBA7800D60C34 /* Debug */ = {
			isa = XCBuildConfiguration;
			baseConfigurationReference = B1483462D2CE2FF525D87E64 /* Pods-weiboLearnSwift.debug.xcconfig */;
			buildSettings = {
				ASSETCATALOG_COMPILER_APPICON_NAME = AppIcon;
				ASSETCATALOG_COMPILER_LAUNCHIMAGE_NAME = LaunchImage;
				DEVELOPMENT_TEAM = QMR2DC8U7N;
				INFOPLIST_FILE = weiboLearnSwift/Info.plist;
				LD_RUNPATH_SEARCH_PATHS = "$(inherited) @executable_path/Frameworks";
				PRODUCT_BUNDLE_IDENTIFIER = "-.weiboLearnSwift";
				PRODUCT_NAME = "$(TARGET_NAME)";
				SWIFT_VERSION = 3.0;
			};
			name = Debug;
		};
		E9AD2B0C1F4BBA7800D60C34 /* Release */ = {
			isa = XCBuildConfiguration;
			baseConfigurationReference = 5D54D10EED44105E50CAF59E /* Pods-weiboLearnSwift.release.xcconfig */;
			buildSettings = {
				ASSETCATALOG_COMPILER_APPICON_NAME = AppIcon;
				ASSETCATALOG_COMPILER_LAUNCHIMAGE_NAME = LaunchImage;
				DEVELOPMENT_TEAM = QMR2DC8U7N;
				INFOPLIST_FILE = weiboLearnSwift/Info.plist;
				LD_RUNPATH_SEARCH_PATHS = "$(inherited) @executable_path/Frameworks";
				PRODUCT_BUNDLE_IDENTIFIER = "-.weiboLearnSwift";
				PRODUCT_NAME = "$(TARGET_NAME)";
				SWIFT_VERSION = 3.0;
			};
			name = Release;
		};
/* End XCBuildConfiguration section */

/* Begin XCConfigurationList section */
		E9AD2ADD1F4BBA7800D60C34 /* Build configuration list for PBXProject "weiboLearnSwift" */ = {
			isa = XCConfigurationList;
			buildConfigurations = (
				E9AD2B081F4BBA7800D60C34 /* Debug */,
				E9AD2B091F4BBA7800D60C34 /* Release */,
			);
			defaultConfigurationIsVisible = 0;
			defaultConfigurationName = Release;
		};
		E9AD2B0A1F4BBA7800D60C34 /* Build configuration list for PBXNativeTarget "weiboLearnSwift" */ = {
			isa = XCConfigurationList;
			buildConfigurations = (
				E9AD2B0B1F4BBA7800D60C34 /* Debug */,
				E9AD2B0C1F4BBA7800D60C34 /* Release */,
			);
			defaultConfigurationIsVisible = 0;
			defaultConfigurationName = Release;
		};
/* End XCConfigurationList section */
	};
	rootObject = E9AD2ADA1F4BBA7800D60C34 /* Project object */;
}
