// !$*UTF8*$!
{
	archiveVersion = 1;
	classes = {
	};
	objectVersion = 46;
	objects = {

/* Begin PBXBuildFile section */
		1F5B21A61F4D625500448B2F /* UIButton-Extension.swift in Sources */ = {isa = PBXBuildFile; fileRef = 1F5B21A51F4D625500448B2F /* UIButton-Extension.swift */; };
		64466571FAB7296A2ADA26D7 /* Pods_weiboLearnSwift.framework in Frameworks */ = {isa = PBXBuildFile; fileRef = AF5595E5B42DF059CE6951A3 /* Pods_weiboLearnSwift.framework */; };
		E9086AD51F5FEAAA00BD421E /* UIView-Extension.swift in Sources */ = {isa = PBXBuildFile; fileRef = E9086AD41F5FEAAA00BD421E /* UIView-Extension.swift */; };
		E9086AD71F60009A00BD421E /* MainVCSettings.json in Resources */ = {isa = PBXBuildFile; fileRef = E9086AD61F5FF3EB00BD421E /* MainVCSettings.json */; };
		E9126B511F5948730012F1A6 /* JHWbAreaPickTableViewCell.swift in Sources */ = {isa = PBXBuildFile; fileRef = E9126B501F5948730012F1A6 /* JHWbAreaPickTableViewCell.swift */; };
		E9157A331F663F2100AC896E /* JHWbAreaPickViewController.swift in Sources */ = {isa = PBXBuildFile; fileRef = E9157A321F663F2100AC896E /* JHWbAreaPickViewController.swift */; };
		E9157A371F66538B00AC896E /* JHWbAreaPickOtherAreaBtn.swift in Sources */ = {isa = PBXBuildFile; fileRef = E9157A361F66538B00AC896E /* JHWbAreaPickOtherAreaBtn.swift */; };
		E9157A391F66669000AC896E /* JHWbAreaPickOtherWebViewController.swift in Sources */ = {isa = PBXBuildFile; fileRef = E9157A381F66669000AC896E /* JHWbAreaPickOtherWebViewController.swift */; };
		E91B8AE41F4D1F9000F6C640 /* JHWbHomeTableViewController.swift in Sources */ = {isa = PBXBuildFile; fileRef = E91B8AD41F4D1F9000F6C640 /* JHWbHomeTableViewController.swift */; };
		E91B8AE61F4D1F9000F6C640 /* JHWbMessageTableTableViewController.swift in Sources */ = {isa = PBXBuildFile; fileRef = E91B8AD71F4D1F9000F6C640 /* JHWbMessageTableTableViewController.swift */; };
		E91B8AE81F4D1F9000F6C640 /* JHWbDiscoverTableViewController.swift in Sources */ = {isa = PBXBuildFile; fileRef = E91B8ADB1F4D1F9000F6C640 /* JHWbDiscoverTableViewController.swift */; };
		E91B8AEA1F4D1F9000F6C640 /* JHWbMeTableViewController.swift in Sources */ = {isa = PBXBuildFile; fileRef = E91B8ADE1F4D1F9000F6C640 /* JHWbMeTableViewController.swift */; };
		E91B8AEB1F4D1F9000F6C640 /* JHWbRegistViewController.swift in Sources */ = {isa = PBXBuildFile; fileRef = E91B8AE11F4D1F9000F6C640 /* JHWbRegistViewController.swift */; };
		E91B8AED1F4D21DD00F6C640 /* JHWbMainViewController.swift in Sources */ = {isa = PBXBuildFile; fileRef = E91B8AEC1F4D21DD00F6C640 /* JHWbMainViewController.swift */; };
		E91B8AEF1F4D2C1E00F6C640 /* JHWbComposeViewController.swift in Sources */ = {isa = PBXBuildFile; fileRef = E91B8AEE1F4D2C1E00F6C640 /* JHWbComposeViewController.swift */; };
		E927260E1F68C6B800D8B818 /* JHWbSettingBaseTableViewController.swift in Sources */ = {isa = PBXBuildFile; fileRef = E927260D1F68C6B800D8B818 /* JHWbSettingBaseTableViewController.swift */; };
		E92726101F68C7D700D8B818 /* JHWbSettingGroupModel.swift in Sources */ = {isa = PBXBuildFile; fileRef = E927260F1F68C7D700D8B818 /* JHWbSettingGroupModel.swift */; };
		E92726121F68CADA00D8B818 /* JHWbSettingItemModel.swift in Sources */ = {isa = PBXBuildFile; fileRef = E92726111F68CADA00D8B818 /* JHWbSettingItemModel.swift */; };
		E92A8E331F64FEAA00E38970 /* JHWbAdvertViewController.swift in Sources */ = {isa = PBXBuildFile; fileRef = E92A8E321F64FEAA00E38970 /* JHWbAdvertViewController.swift */; };
		E93002D51F6A4B960079E2C8 /* JHWbMainTabBar.swift in Sources */ = {isa = PBXBuildFile; fileRef = E93002D41F6A4B960079E2C8 /* JHWbMainTabBar.swift */; };
		E93038511F571448008F7114 /* JHWbBaseTableViewController.swift in Sources */ = {isa = PBXBuildFile; fileRef = E93038501F571448008F7114 /* JHWbBaseTableViewController.swift */; };
		E93038531F571464008F7114 /* JHWbVisitorView.swift in Sources */ = {isa = PBXBuildFile; fileRef = E93038521F571464008F7114 /* JHWbVisitorView.swift */; };
		E944941B1F4EDD300053DFC3 /* JHWbHomeTitleButton.swift in Sources */ = {isa = PBXBuildFile; fileRef = E944941A1F4EDD300053DFC3 /* JHWbHomeTitleButton.swift */; };
		E944941F1F4EE3FC0053DFC3 /* JHColor.swift in Sources */ = {isa = PBXBuildFile; fileRef = E944941E1F4EE3FC0053DFC3 /* JHColor.swift */; };
		E94494211F4EE73E0053DFC3 /* UIView-Frame.swift in Sources */ = {isa = PBXBuildFile; fileRef = E94494201F4EE73E0053DFC3 /* UIView-Frame.swift */; };
		E94494251F4EF0C70053DFC3 /* JHWbConfig.swift in Sources */ = {isa = PBXBuildFile; fileRef = E94494241F4EF0C70053DFC3 /* JHWbConfig.swift */; };
		E94494271F4EF1930053DFC3 /* JHScreenFitUtil.swift in Sources */ = {isa = PBXBuildFile; fileRef = E94494261F4EF1930053DFC3 /* JHScreenFitUtil.swift */; };
		E94494291F4EFC850053DFC3 /* JHConstPCH.swift in Sources */ = {isa = PBXBuildFile; fileRef = E94494281F4EFC850053DFC3 /* JHConstPCH.swift */; };
		E94C263D1F61B77D00C69DF4 /* JHWbVisitorButton.swift in Sources */ = {isa = PBXBuildFile; fileRef = E94C263C1F61B77D00C69DF4 /* JHWbVisitorButton.swift */; };
		E94C26411F61BC8E00C69DF4 /* JHWbMoblieRegistView.swift in Sources */ = {isa = PBXBuildFile; fileRef = E94C26401F61BC8E00C69DF4 /* JHWbMoblieRegistView.swift */; };
		E94EFC4D1F65203200FF830E /* JHWbTimeCountDown.swift in Sources */ = {isa = PBXBuildFile; fileRef = E94EFC4C1F65203200FF830E /* JHWbTimeCountDown.swift */; };
		E96EAB701F67F5FF00217CD0 /* JHWbSettingUnLoginTableViewController.swift in Sources */ = {isa = PBXBuildFile; fileRef = E96EAB6F1F67F5FF00217CD0 /* JHWbSettingUnLoginTableViewController.swift */; };
		E970881F1F65A0A700E04E56 /* JHWbAreaPickTableHeaderView.swift in Sources */ = {isa = PBXBuildFile; fileRef = E970881E1F65A0A700E04E56 /* JHWbAreaPickTableHeaderView.swift */; };
		E9730E931F588AA100006773 /* JHWbAreaInfoModel.swift in Sources */ = {isa = PBXBuildFile; fileRef = E9730E921F588AA100006773 /* JHWbAreaInfoModel.swift */; };
		E9730E951F589FE800006773 /* JHWbAreaPickModel.swift in Sources */ = {isa = PBXBuildFile; fileRef = E9730E941F589FE800006773 /* JHWbAreaPickModel.swift */; };
		E98B06291F6804D000E2E015 /* JHWbSettingTableViewCell.swift in Sources */ = {isa = PBXBuildFile; fileRef = E98B06281F6804D000E2E015 /* JHWbSettingTableViewCell.swift */; };
		E9A5F84E1F61CCA5005D39C9 /* JHWbOtherRegistButton.swift in Sources */ = {isa = PBXBuildFile; fileRef = E9A5F84D1F61CCA5005D39C9 /* JHWbOtherRegistButton.swift */; };
		E9A5F8501F61CF92005D39C9 /* JHWbOtherRegistView.swift in Sources */ = {isa = PBXBuildFile; fileRef = E9A5F84F1F61CF92005D39C9 /* JHWbOtherRegistView.swift */; };
		E9AD2B1B1F4BBF0600D60C34 /* Assets.xcassets in Resources */ = {isa = PBXBuildFile; fileRef = E9AD2B131F4BBF0600D60C34 /* Assets.xcassets */; };
		E9AD2B1C1F4BBF0600D60C34 /* AppDelegate.swift in Sources */ = {isa = PBXBuildFile; fileRef = E9AD2B161F4BBF0600D60C34 /* AppDelegate.swift */; };
		E9C5DBF71F62541D0035C374 /* JHWbMobileTextField.swift in Sources */ = {isa = PBXBuildFile; fileRef = E9C5DBF61F62541D0035C374 /* JHWbMobileTextField.swift */; };
		E9C880921F66DFB800313F77 /* JHWbLoginViewController.swift in Sources */ = {isa = PBXBuildFile; fileRef = E9C880911F66DFB800313F77 /* JHWbLoginViewController.swift */; };
		E9C880941F66E30900313F77 /* JHWbLoginMobileView.swift in Sources */ = {isa = PBXBuildFile; fileRef = E9C880931F66E30900313F77 /* JHWbLoginMobileView.swift */; };
		E9CC97BD1F65805800263D08 /* JHWbTableViewCell.swift in Sources */ = {isa = PBXBuildFile; fileRef = E9CC97BC1F65805800263D08 /* JHWbTableViewCell.swift */; };
		E9E6F08F1F5879A200482DAF /* areaPick.plist in Resources */ = {isa = PBXBuildFile; fileRef = E9E6F08E1F5879A200482DAF /* areaPick.plist */; };
		E9E6F09E1F5880FD00482DAF /* JHWbAreaPickTableViewController.swift in Sources */ = {isa = PBXBuildFile; fileRef = E9E6F09C1F5880FD00482DAF /* JHWbAreaPickTableViewController.swift */; };
		E9EBD1591F6AAD3000500B73 /* JHWbTabBarAddBtn.swift in Sources */ = {isa = PBXBuildFile; fileRef = E9EBD1581F6AAD3000500B73 /* JHWbTabBarAddBtn.swift */; };
/* End PBXBuildFile section */

/* Begin PBXFileReference section */
		1F5B21A51F4D625500448B2F /* UIButton-Extension.swift */ = {isa = PBXFileReference; fileEncoding = 4; lastKnownFileType = sourcecode.swift; path = "UIButton-Extension.swift"; sourceTree = "<group>"; };
		5D54D10EED44105E50CAF59E /* Pods-weiboLearnSwift.release.xcconfig */ = {isa = PBXFileReference; includeInIndex = 1; lastKnownFileType = text.xcconfig; name = "Pods-weiboLearnSwift.release.xcconfig"; path = "Pods/Target Support Files/Pods-weiboLearnSwift/Pods-weiboLearnSwift.release.xcconfig"; sourceTree = "<group>"; };
		AF5595E5B42DF059CE6951A3 /* Pods_weiboLearnSwift.framework */ = {isa = PBXFileReference; explicitFileType = wrapper.framework; includeInIndex = 0; path = Pods_weiboLearnSwift.framework; sourceTree = BUILT_PRODUCTS_DIR; };
		B1483462D2CE2FF525D87E64 /* Pods-weiboLearnSwift.debug.xcconfig */ = {isa = PBXFileReference; includeInIndex = 1; lastKnownFileType = text.xcconfig; name = "Pods-weiboLearnSwift.debug.xcconfig"; path = "Pods/Target Support Files/Pods-weiboLearnSwift/Pods-weiboLearnSwift.debug.xcconfig"; sourceTree = "<group>"; };
		E9086AD41F5FEAAA00BD421E /* UIView-Extension.swift */ = {isa = PBXFileReference; lastKnownFileType = sourcecode.swift; path = "UIView-Extension.swift"; sourceTree = "<group>"; };
		E9086AD61F5FF3EB00BD421E /* MainVCSettings.json */ = {isa = PBXFileReference; lastKnownFileType = text.json; path = MainVCSettings.json; sourceTree = "<group>"; };
		E9126B501F5948730012F1A6 /* JHWbAreaPickTableViewCell.swift */ = {isa = PBXFileReference; lastKnownFileType = sourcecode.swift; path = JHWbAreaPickTableViewCell.swift; sourceTree = "<group>"; };
		E9157A321F663F2100AC896E /* JHWbAreaPickViewController.swift */ = {isa = PBXFileReference; lastKnownFileType = sourcecode.swift; path = JHWbAreaPickViewController.swift; sourceTree = "<group>"; };
		E9157A361F66538B00AC896E /* JHWbAreaPickOtherAreaBtn.swift */ = {isa = PBXFileReference; lastKnownFileType = sourcecode.swift; path = JHWbAreaPickOtherAreaBtn.swift; sourceTree = "<group>"; };
		E9157A381F66669000AC896E /* JHWbAreaPickOtherWebViewController.swift */ = {isa = PBXFileReference; lastKnownFileType = sourcecode.swift; path = JHWbAreaPickOtherWebViewController.swift; sourceTree = "<group>"; };
		E91B8AD41F4D1F9000F6C640 /* JHWbHomeTableViewController.swift */ = {isa = PBXFileReference; fileEncoding = 4; lastKnownFileType = sourcecode.swift; path = JHWbHomeTableViewController.swift; sourceTree = "<group>"; };
		E91B8AD71F4D1F9000F6C640 /* JHWbMessageTableTableViewController.swift */ = {isa = PBXFileReference; fileEncoding = 4; lastKnownFileType = sourcecode.swift; path = JHWbMessageTableTableViewController.swift; sourceTree = "<group>"; };
		E91B8ADB1F4D1F9000F6C640 /* JHWbDiscoverTableViewController.swift */ = {isa = PBXFileReference; fileEncoding = 4; lastKnownFileType = sourcecode.swift; path = JHWbDiscoverTableViewController.swift; sourceTree = "<group>"; };
		E91B8ADE1F4D1F9000F6C640 /* JHWbMeTableViewController.swift */ = {isa = PBXFileReference; fileEncoding = 4; lastKnownFileType = sourcecode.swift; path = JHWbMeTableViewController.swift; sourceTree = "<group>"; };
		E91B8AE11F4D1F9000F6C640 /* JHWbRegistViewController.swift */ = {isa = PBXFileReference; fileEncoding = 4; lastKnownFileType = sourcecode.swift; path = JHWbRegistViewController.swift; sourceTree = "<group>"; };
		E91B8AEC1F4D21DD00F6C640 /* JHWbMainViewController.swift */ = {isa = PBXFileReference; fileEncoding = 4; lastKnownFileType = sourcecode.swift; path = JHWbMainViewController.swift; sourceTree = "<group>"; };
		E91B8AEE1F4D2C1E00F6C640 /* JHWbComposeViewController.swift */ = {isa = PBXFileReference; fileEncoding = 4; lastKnownFileType = sourcecode.swift; path = JHWbComposeViewController.swift; sourceTree = "<group>"; };
		E927260D1F68C6B800D8B818 /* JHWbSettingBaseTableViewController.swift */ = {isa = PBXFileReference; lastKnownFileType = sourcecode.swift; path = JHWbSettingBaseTableViewController.swift; sourceTree = "<group>"; };
		E927260F1F68C7D700D8B818 /* JHWbSettingGroupModel.swift */ = {isa = PBXFileReference; lastKnownFileType = sourcecode.swift; path = JHWbSettingGroupModel.swift; sourceTree = "<group>"; };
		E92726111F68CADA00D8B818 /* JHWbSettingItemModel.swift */ = {isa = PBXFileReference; lastKnownFileType = sourcecode.swift; path = JHWbSettingItemModel.swift; sourceTree = "<group>"; };
		E92A8E321F64FEAA00E38970 /* JHWbAdvertViewController.swift */ = {isa = PBXFileReference; lastKnownFileType = sourcecode.swift; path = JHWbAdvertViewController.swift; sourceTree = "<group>"; };
		E93002D41F6A4B960079E2C8 /* JHWbMainTabBar.swift */ = {isa = PBXFileReference; lastKnownFileType = sourcecode.swift; path = JHWbMainTabBar.swift; sourceTree = "<group>"; };
		E93038501F571448008F7114 /* JHWbBaseTableViewController.swift */ = {isa = PBXFileReference; lastKnownFileType = sourcecode.swift; path = JHWbBaseTableViewController.swift; sourceTree = "<group>"; };
		E93038521F571464008F7114 /* JHWbVisitorView.swift */ = {isa = PBXFileReference; lastKnownFileType = sourcecode.swift; path = JHWbVisitorView.swift; sourceTree = "<group>"; };
		E944941A1F4EDD300053DFC3 /* JHWbHomeTitleButton.swift */ = {isa = PBXFileReference; lastKnownFileType = sourcecode.swift; path = JHWbHomeTitleButton.swift; sourceTree = "<group>"; };
		E944941E1F4EE3FC0053DFC3 /* JHColor.swift */ = {isa = PBXFileReference; lastKnownFileType = sourcecode.swift; path = JHColor.swift; sourceTree = "<group>"; };
		E94494201F4EE73E0053DFC3 /* UIView-Frame.swift */ = {isa = PBXFileReference; lastKnownFileType = sourcecode.swift; path = "UIView-Frame.swift"; sourceTree = "<group>"; };
		E94494241F4EF0C70053DFC3 /* JHWbConfig.swift */ = {isa = PBXFileReference; lastKnownFileType = sourcecode.swift; path = JHWbConfig.swift; sourceTree = "<group>"; };
		E94494261F4EF1930053DFC3 /* JHScreenFitUtil.swift */ = {isa = PBXFileReference; lastKnownFileType = sourcecode.swift; path = JHScreenFitUtil.swift; sourceTree = "<group>"; };
		E94494281F4EFC850053DFC3 /* JHConstPCH.swift */ = {isa = PBXFileReference; lastKnownFileType = sourcecode.swift; path = JHConstPCH.swift; sourceTree = "<group>"; };
		E94C263C1F61B77D00C69DF4 /* JHWbVisitorButton.swift */ = {isa = PBXFileReference; lastKnownFileType = sourcecode.swift; path = JHWbVisitorButton.swift; sourceTree = "<group>"; };
		E94C26401F61BC8E00C69DF4 /* JHWbMoblieRegistView.swift */ = {isa = PBXFileReference; lastKnownFileType = sourcecode.swift; path = JHWbMoblieRegistView.swift; sourceTree = "<group>"; };
		E94EFC4C1F65203200FF830E /* JHWbTimeCountDown.swift */ = {isa = PBXFileReference; lastKnownFileType = sourcecode.swift; path = JHWbTimeCountDown.swift; sourceTree = "<group>"; };
		E96EAB6F1F67F5FF00217CD0 /* JHWbSettingUnLoginTableViewController.swift */ = {isa = PBXFileReference; lastKnownFileType = sourcecode.swift; path = JHWbSettingUnLoginTableViewController.swift; sourceTree = "<group>"; };
		E970881E1F65A0A700E04E56 /* JHWbAreaPickTableHeaderView.swift */ = {isa = PBXFileReference; lastKnownFileType = sourcecode.swift; path = JHWbAreaPickTableHeaderView.swift; sourceTree = "<group>"; };
		E9730E921F588AA100006773 /* JHWbAreaInfoModel.swift */ = {isa = PBXFileReference; lastKnownFileType = sourcecode.swift; path = JHWbAreaInfoModel.swift; sourceTree = "<group>"; };
		E9730E941F589FE800006773 /* JHWbAreaPickModel.swift */ = {isa = PBXFileReference; lastKnownFileType = sourcecode.swift; path = JHWbAreaPickModel.swift; sourceTree = "<group>"; };
		E98B06281F6804D000E2E015 /* JHWbSettingTableViewCell.swift */ = {isa = PBXFileReference; lastKnownFileType = sourcecode.swift; path = JHWbSettingTableViewCell.swift; sourceTree = "<group>"; };
		E9A5F84D1F61CCA5005D39C9 /* JHWbOtherRegistButton.swift */ = {isa = PBXFileReference; lastKnownFileType = sourcecode.swift; path = JHWbOtherRegistButton.swift; sourceTree = "<group>"; };
		E9A5F84F1F61CF92005D39C9 /* JHWbOtherRegistView.swift */ = {isa = PBXFileReference; lastKnownFileType = sourcecode.swift; path = JHWbOtherRegistView.swift; sourceTree = "<group>"; };
		E9AD2AE21F4BBA7800D60C34 /* weiboLearnSwift.app */ = {isa = PBXFileReference; explicitFileType = wrapper.application; includeInIndex = 0; path = weiboLearnSwift.app; sourceTree = BUILT_PRODUCTS_DIR; };
		E9AD2B131F4BBF0600D60C34 /* Assets.xcassets */ = {isa = PBXFileReference; lastKnownFileType = folder.assetcatalog; path = Assets.xcassets; sourceTree = "<group>"; };
		E9AD2B161F4BBF0600D60C34 /* AppDelegate.swift */ = {isa = PBXFileReference; fileEncoding = 4; lastKnownFileType = sourcecode.swift; path = AppDelegate.swift; sourceTree = "<group>"; };
		E9AD2B9C1F4BD9C400D60C34 /* Info.plist */ = {isa = PBXFileReference; lastKnownFileType = text.plist.xml; path = Info.plist; sourceTree = "<group>"; };
		E9C5DBF61F62541D0035C374 /* JHWbMobileTextField.swift */ = {isa = PBXFileReference; lastKnownFileType = sourcecode.swift; path = JHWbMobileTextField.swift; sourceTree = "<group>"; };
		E9C880911F66DFB800313F77 /* JHWbLoginViewController.swift */ = {isa = PBXFileReference; lastKnownFileType = sourcecode.swift; path = JHWbLoginViewController.swift; sourceTree = "<group>"; };
		E9C880931F66E30900313F77 /* JHWbLoginMobileView.swift */ = {isa = PBXFileReference; lastKnownFileType = sourcecode.swift; path = JHWbLoginMobileView.swift; sourceTree = "<group>"; };
		E9CC97BC1F65805800263D08 /* JHWbTableViewCell.swift */ = {isa = PBXFileReference; lastKnownFileType = sourcecode.swift; path = JHWbTableViewCell.swift; sourceTree = "<group>"; };
		E9E6F08E1F5879A200482DAF /* areaPick.plist */ = {isa = PBXFileReference; lastKnownFileType = text.plist.xml; path = areaPick.plist; sourceTree = "<group>"; };
		E9E6F09C1F5880FD00482DAF /* JHWbAreaPickTableViewController.swift */ = {isa = PBXFileReference; lastKnownFileType = sourcecode.swift; path = JHWbAreaPickTableViewController.swift; sourceTree = "<group>"; };
		E9EBD1581F6AAD3000500B73 /* JHWbTabBarAddBtn.swift */ = {isa = PBXFileReference; lastKnownFileType = sourcecode.swift; path = JHWbTabBarAddBtn.swift; sourceTree = "<group>"; };
/* End PBXFileReference section */

/* Begin PBXFrameworksBuildPhase section */
		E9AD2ADF1F4BBA7800D60C34 /* Frameworks */ = {
			isa = PBXFrameworksBuildPhase;
			buildActionMask = 2147483647;
			files = (
				64466571FAB7296A2ADA26D7 /* Pods_weiboLearnSwift.framework in Frameworks */,
			);
			runOnlyForDeploymentPostprocessing = 0;
		};
/* End PBXFrameworksBuildPhase section */

/* Begin PBXGroup section */
		4E9F65AF3D3CE8532482677F /* Pods */ = {
			isa = PBXGroup;
			children = (
				B1483462D2CE2FF525D87E64 /* Pods-weiboLearnSwift.debug.xcconfig */,
				5D54D10EED44105E50CAF59E /* Pods-weiboLearnSwift.release.xcconfig */,
			);
			name = Pods;
			sourceTree = "<group>";
		};
		6EE0ED2E7C33253A3377DBEA /* Frameworks */ = {
			isa = PBXGroup;
			children = (
				AF5595E5B42DF059CE6951A3 /* Pods_weiboLearnSwift.framework */,
			);
			name = Frameworks;
			sourceTree = "<group>";
		};
		E91B8AD11F4D1F9000F6C640 /* Features */ = {
			isa = PBXGroup;
			children = (
				E96EAB6C1F67F5B800217CD0 /* Setting */,
				E91B8AE21F4D1F9000F6C640 /* Main */,
				E930384C1F5713E3008F7114 /* Visitor */,
				E91B8AD21F4D1F9000F6C640 /* 1Home */,
				E91B8AD51F4D1F9000F6C640 /* 2Message */,
				E91B8AD81F4D1F9000F6C640 /* 3compose */,
				E91B8AD91F4D1F9000F6C640 /* 4Discover */,
				E91B8ADC1F4D1F9000F6C640 /* 5Me */,
				E91B8ADF1F4D1F9000F6C640 /* Auth */,
			);
			path = Features;
			sourceTree = "<group>";
		};
		E91B8AD21F4D1F9000F6C640 /* 1Home */ = {
			isa = PBXGroup;
			children = (
				E91B8AD41F4D1F9000F6C640 /* JHWbHomeTableViewController.swift */,
			);
			path = 1Home;
			sourceTree = "<group>";
		};
		E91B8AD51F4D1F9000F6C640 /* 2Message */ = {
			isa = PBXGroup;
			children = (
				E91B8AD71F4D1F9000F6C640 /* JHWbMessageTableTableViewController.swift */,
			);
			path = 2Message;
			sourceTree = "<group>";
		};
		E91B8AD81F4D1F9000F6C640 /* 3compose */ = {
			isa = PBXGroup;
			children = (
				E91B8AEE1F4D2C1E00F6C640 /* JHWbComposeViewController.swift */,
			);
			path = 3compose;
			sourceTree = "<group>";
		};
		E91B8AD91F4D1F9000F6C640 /* 4Discover */ = {
			isa = PBXGroup;
			children = (
				E91B8ADB1F4D1F9000F6C640 /* JHWbDiscoverTableViewController.swift */,
			);
			path = 4Discover;
			sourceTree = "<group>";
		};
		E91B8ADC1F4D1F9000F6C640 /* 5Me */ = {
			isa = PBXGroup;
			children = (
				E91B8ADE1F4D1F9000F6C640 /* JHWbMeTableViewController.swift */,
			);
			path = 5Me;
			sourceTree = "<group>";
		};
		E91B8ADF1F4D1F9000F6C640 /* Auth */ = {
			isa = PBXGroup;
			children = (
				E9C8808D1F66DF4800313F77 /* Login */,
				E9730E911F58862100006773 /* AreaPick */,
				E91B8AE01F4D1F9000F6C640 /* Regist */,
			);
			path = Auth;
			sourceTree = "<group>";
		};
		E91B8AE01F4D1F9000F6C640 /* Regist */ = {
			isa = PBXGroup;
			children = (
				E94C263E1F61BC5600C69DF4 /* Controller */,
				E94C263F1F61BC6000C69DF4 /* View */,
			);
			path = Regist;
			sourceTree = "<group>";
		};
		E91B8AE21F4D1F9000F6C640 /* Main */ = {
			isa = PBXGroup;
			children = (
				E92A8E311F64FE9200E38970 /* Advert */,
				E98CEE611F6132CD000B4FD8 /* Controller */,
				E94C263B1F61B6EB00C69DF4 /* View */,
				E9086AD61F5FF3EB00BD421E /* MainVCSettings.json */,
			);
			path = Main;
			sourceTree = "<group>";
		};
		E92726161F68DC8500D8B818 /* Model */ = {
			isa = PBXGroup;
			children = (
				E927260F1F68C7D700D8B818 /* JHWbSettingGroupModel.swift */,
				E92726111F68CADA00D8B818 /* JHWbSettingItemModel.swift */,
			);
			path = Model;
			sourceTree = "<group>";
		};
		E92A8E311F64FE9200E38970 /* Advert */ = {
			isa = PBXGroup;
			children = (
				E92A8E321F64FEAA00E38970 /* JHWbAdvertViewController.swift */,
			);
			path = Advert;
			sourceTree = "<group>";
		};
		E930384C1F5713E3008F7114 /* Visitor */ = {
			isa = PBXGroup;
			children = (
				E98CEE621F614A40000B4FD8 /* Controller */,
				E98CEE641F614A53000B4FD8 /* View */,
			);
			path = Visitor;
			sourceTree = "<group>";
		};
		E94494231F4EF0A20053DFC3 /* Constant */ = {
			isa = PBXGroup;
			children = (
				E94494241F4EF0C70053DFC3 /* JHWbConfig.swift */,
			);
			path = Constant;
			sourceTree = "<group>";
		};
		E94C263B1F61B6EB00C69DF4 /* View */ = {
			isa = PBXGroup;
			children = (
				E93002D41F6A4B960079E2C8 /* JHWbMainTabBar.swift */,
				E944941A1F4EDD300053DFC3 /* JHWbHomeTitleButton.swift */,
				E9EBD1581F6AAD3000500B73 /* JHWbTabBarAddBtn.swift */,
			);
			path = View;
			sourceTree = "<group>";
		};
		E94C263E1F61BC5600C69DF4 /* Controller */ = {
			isa = PBXGroup;
			children = (
				E91B8AE11F4D1F9000F6C640 /* JHWbRegistViewController.swift */,
			);
			path = Controller;
			sourceTree = "<group>";
		};
		E94C263F1F61BC6000C69DF4 /* View */ = {
			isa = PBXGroup;
			children = (
				E94C26401F61BC8E00C69DF4 /* JHWbMoblieRegistView.swift */,
				E9A5F84F1F61CF92005D39C9 /* JHWbOtherRegistView.swift */,
				E9A5F84D1F61CCA5005D39C9 /* JHWbOtherRegistButton.swift */,
				E9C5DBF61F62541D0035C374 /* JHWbMobileTextField.swift */,
			);
			path = View;
			sourceTree = "<group>";
		};
		E96EAB6C1F67F5B800217CD0 /* Setting */ = {
			isa = PBXGroup;
			children = (
				E98B06261F68045400E2E015 /* Controller */,
				E98B06271F68046000E2E015 /* View */,
				E92726161F68DC8500D8B818 /* Model */,
			);
			path = Setting;
			sourceTree = "<group>";
		};
		E9730E911F58862100006773 /* AreaPick */ = {
			isa = PBXGroup;
			children = (
				E9CC97BE1F65891600263D08 /* Controller */,
				E9CC97BF1F65892200263D08 /* View */,
				E9CC97C01F65893200263D08 /* Model */,
			);
			path = AreaPick;
			sourceTree = "<group>";
		};
		E98B06261F68045400E2E015 /* Controller */ = {
			isa = PBXGroup;
			children = (
				E96EAB6F1F67F5FF00217CD0 /* JHWbSettingUnLoginTableViewController.swift */,
				E927260D1F68C6B800D8B818 /* JHWbSettingBaseTableViewController.swift */,
			);
			path = Controller;
			sourceTree = "<group>";
		};
		E98B06271F68046000E2E015 /* View */ = {
			isa = PBXGroup;
			children = (
				E98B06281F6804D000E2E015 /* JHWbSettingTableViewCell.swift */,
			);
			path = View;
			sourceTree = "<group>";
		};
		E98CEE611F6132CD000B4FD8 /* Controller */ = {
			isa = PBXGroup;
			children = (
				E91B8AEC1F4D21DD00F6C640 /* JHWbMainViewController.swift */,
			);
			path = Controller;
			sourceTree = "<group>";
		};
		E98CEE621F614A40000B4FD8 /* Controller */ = {
			isa = PBXGroup;
			children = (
				E93038501F571448008F7114 /* JHWbBaseTableViewController.swift */,
			);
			path = Controller;
			sourceTree = "<group>";
		};
		E98CEE641F614A53000B4FD8 /* View */ = {
			isa = PBXGroup;
			children = (
				E93038521F571464008F7114 /* JHWbVisitorView.swift */,
				E94C263C1F61B77D00C69DF4 /* JHWbVisitorButton.swift */,
			);
			path = View;
			sourceTree = "<group>";
		};
		E9AD2AD91F4BBA7800D60C34 = {
			isa = PBXGroup;
			children = (
				E9AD2AE41F4BBA7800D60C34 /* weiboLearnSwift */,
				E9AD2AE31F4BBA7800D60C34 /* Products */,
				4E9F65AF3D3CE8532482677F /* Pods */,
				6EE0ED2E7C33253A3377DBEA /* Frameworks */,
			);
			sourceTree = "<group>";
		};
		E9AD2AE31F4BBA7800D60C34 /* Products */ = {
			isa = PBXGroup;
			children = (
				E9AD2AE21F4BBA7800D60C34 /* weiboLearnSwift.app */,
			);
			name = Products;
			sourceTree = "<group>";
		};
		E9AD2AE41F4BBA7800D60C34 /* weiboLearnSwift */ = {
			isa = PBXGroup;
			children = (
				E9AD2B131F4BBF0600D60C34 /* Assets.xcassets */,
				E9AD2B9C1F4BD9C400D60C34 /* Info.plist */,
				E9AD2B141F4BBF0600D60C34 /* Classes */,
			);
			path = weiboLearnSwift;
			sourceTree = "<group>";
		};
		E9AD2B141F4BBF0600D60C34 /* Classes */ = {
			isa = PBXGroup;
			children = (
				E9AD2B151F4BBF0600D60C34 /* AppDelegate */,
				E91B8AD11F4D1F9000F6C640 /* Features */,
				E9AD2B191F4BBF0600D60C34 /* Network */,
				E9AD2B1A1F4BBF0600D60C34 /* Util */,
				E94494231F4EF0A20053DFC3 /* Constant */,
			);
			path = Classes;
			sourceTree = "<group>";
		};
		E9AD2B151F4BBF0600D60C34 /* AppDelegate */ = {
			isa = PBXGroup;
			children = (
				E9AD2B161F4BBF0600D60C34 /* AppDelegate.swift */,
			);
			path = AppDelegate;
			sourceTree = "<group>";
		};
		E9AD2B191F4BBF0600D60C34 /* Network */ = {
			isa = PBXGroup;
			children = (
			);
			path = Network;
			sourceTree = "<group>";
		};
		E9AD2B1A1F4BBF0600D60C34 /* Util */ = {
			isa = PBXGroup;
			children = (
				1F5B21A51F4D625500448B2F /* UIButton-Extension.swift */,
				E944941E1F4EE3FC0053DFC3 /* JHColor.swift */,
				E94494201F4EE73E0053DFC3 /* UIView-Frame.swift */,
				E94494261F4EF1930053DFC3 /* JHScreenFitUtil.swift */,
				E94494281F4EFC850053DFC3 /* JHConstPCH.swift */,
				E9086AD41F5FEAAA00BD421E /* UIView-Extension.swift */,
				E94EFC4C1F65203200FF830E /* JHWbTimeCountDown.swift */,
				E9CC97BC1F65805800263D08 /* JHWbTableViewCell.swift */,
			);
			path = Util;
			sourceTree = "<group>";
		};
		E9C8808D1F66DF4800313F77 /* Login */ = {
			isa = PBXGroup;
			children = (
				E9C8808F1F66DF8F00313F77 /* Controller */,
				E9C8808E1F66DF8D00313F77 /* View */,
			);
			path = Login;
			sourceTree = "<group>";
		};
		E9C8808E1F66DF8D00313F77 /* View */ = {
			isa = PBXGroup;
			children = (
				E9C880931F66E30900313F77 /* JHWbLoginMobileView.swift */,
			);
			path = View;
			sourceTree = "<group>";
		};
		E9C8808F1F66DF8F00313F77 /* Controller */ = {
			isa = PBXGroup;
			children = (
				E9C880911F66DFB800313F77 /* JHWbLoginViewController.swift */,
			);
			path = Controller;
			sourceTree = "<group>";
		};
		E9CC97BE1F65891600263D08 /* Controller */ = {
			isa = PBXGroup;
			children = (
				E9157A321F663F2100AC896E /* JHWbAreaPickViewController.swift */,
				E9E6F09C1F5880FD00482DAF /* JHWbAreaPickTableViewController.swift */,
				E9157A381F66669000AC896E /* JHWbAreaPickOtherWebViewController.swift */,
			);
			path = Controller;
			sourceTree = "<group>";
		};
		E9CC97BF1F65892200263D08 /* View */ = {
			isa = PBXGroup;
			children = (
				E9157A361F66538B00AC896E /* JHWbAreaPickOtherAreaBtn.swift */,
				E970881E1F65A0A700E04E56 /* JHWbAreaPickTableHeaderView.swift */,
				E9126B501F5948730012F1A6 /* JHWbAreaPickTableViewCell.swift */,
			);
			path = View;
			sourceTree = "<group>";
		};
		E9CC97C01F65893200263D08 /* Model */ = {
			isa = PBXGroup;
			children = (
				E9E6F08E1F5879A200482DAF /* areaPick.plist */,
				E9730E941F589FE800006773 /* JHWbAreaPickModel.swift */,
				E9730E921F588AA100006773 /* JHWbAreaInfoModel.swift */,
			);
			path = Model;
			sourceTree = "<group>";
		};
/* End PBXGroup section */

/* Begin PBXNativeTarget section */
		E9AD2AE11F4BBA7800D60C34 /* weiboLearnSwift */ = {
			isa = PBXNativeTarget;
			buildConfigurationList = E9AD2B0A1F4BBA7800D60C34 /* Build configuration list for PBXNativeTarget "weiboLearnSwift" */;
			buildPhases = (
				27AF282028E3258528D90692 /* [CP] Check Pods Manifest.lock */,
				E9AD2ADE1F4BBA7800D60C34 /* Sources */,
				E9AD2ADF1F4BBA7800D60C34 /* Frameworks */,
				E9AD2AE01F4BBA7800D60C34 /* Resources */,
				C01FE7FD6F0413814F125E0D /* [CP] Embed Pods Frameworks */,
				9077E71FB75241066F86D34A /* [CP] Copy Pods Resources */,
			);
			buildRules = (
			);
			dependencies = (
			);
			name = weiboLearnSwift;
			productName = weiboLearnSwift;
			productReference = E9AD2AE21F4BBA7800D60C34 /* weiboLearnSwift.app */;
			productType = "com.apple.product-type.application";
		};
/* End PBXNativeTarget section */

/* Begin PBXProject section */
		E9AD2ADA1F4BBA7800D60C34 /* Project object */ = {
			isa = PBXProject;
			attributes = {
				CLASSPREFIX = JHWb;
				LastSwiftUpdateCheck = 0830;
				LastUpgradeCheck = 0900;
				ORGANIZATIONNAME = "万家豪";
				TargetAttributes = {
					E9AD2AE11F4BBA7800D60C34 = {
						CreatedOnToolsVersion = 8.3.3;
						DevelopmentTeam = QMR2DC8U7N;
						LastSwiftMigration = 0900;
						ProvisioningStyle = Automatic;
					};
				};
			};
			buildConfigurationList = E9AD2ADD1F4BBA7800D60C34 /* Build configuration list for PBXProject "weiboLearnSwift" */;
			compatibilityVersion = "Xcode 3.2";
			developmentRegion = English;
			hasScannedForEncodings = 0;
			knownRegions = (
				en,
				Base,
			);
			mainGroup = E9AD2AD91F4BBA7800D60C34;
			productRefGroup = E9AD2AE31F4BBA7800D60C34 /* Products */;
			projectDirPath = "";
			projectRoot = "";
			targets = (
				E9AD2AE11F4BBA7800D60C34 /* weiboLearnSwift */,
			);
		};
/* End PBXProject section */

/* Begin PBXResourcesBuildPhase section */
		E9AD2AE01F4BBA7800D60C34 /* Resources */ = {
			isa = PBXResourcesBuildPhase;
			buildActionMask = 2147483647;
			files = (
				E9086AD71F60009A00BD421E /* MainVCSettings.json in Resources */,
				E9E6F08F1F5879A200482DAF /* areaPick.plist in Resources */,
				E9AD2B1B1F4BBF0600D60C34 /* Assets.xcassets in Resources */,
			);
			runOnlyForDeploymentPostprocessing = 0;
		};
/* End PBXResourcesBuildPhase section */

/* Begin PBXShellScriptBuildPhase section */
		27AF282028E3258528D90692 /* [CP] Check Pods Manifest.lock */ = {
			isa = PBXShellScriptBuildPhase;
			buildActionMask = 2147483647;
			files = (
			);
			inputPaths = (
				"${PODS_PODFILE_DIR_PATH}/Podfile.lock",
				"${PODS_ROOT}/Manifest.lock",
			);
			name = "[CP] Check Pods Manifest.lock";
			outputPaths = (
				"$(DERIVED_FILE_DIR)/Pods-weiboLearnSwift-checkManifestLockResult.txt",
			);
			runOnlyForDeploymentPostprocessing = 0;
			shellPath = /bin/sh;
			shellScript = "diff \"${PODS_PODFILE_DIR_PATH}/Podfile.lock\" \"${PODS_ROOT}/Manifest.lock\" > /dev/null\nif [ $? != 0 ] ; then\n    # print error to STDERR\n    echo \"error: The sandbox is not in sync with the Podfile.lock. Run 'pod install' or update your CocoaPods installation.\" >&2\n    exit 1\nfi\n# This output is used by Xcode 'outputs' to avoid re-running this script phase.\necho \"SUCCESS\" > \"${SCRIPT_OUTPUT_FILE_0}\"\n";
			showEnvVarsInLog = 0;
		};
		9077E71FB75241066F86D34A /* [CP] Copy Pods Resources */ = {
			isa = PBXShellScriptBuildPhase;
			buildActionMask = 2147483647;
			files = (
			);
			inputPaths = (
				"",
				"",
			);
			name = "[CP] Copy Pods Resources";
			outputPaths = (
			);
			runOnlyForDeploymentPostprocessing = 0;
			shellPath = /bin/sh;
			shellScript = "\"${SRCROOT}/Pods/Target Support Files/Pods-weiboLearnSwift/Pods-weiboLearnSwift-resources.sh\"\n";
			showEnvVarsInLog = 0;
		};
		C01FE7FD6F0413814F125E0D /* [CP] Embed Pods Frameworks */ = {
			isa = PBXShellScriptBuildPhase;
			buildActionMask = 2147483647;
			files = (
			);
			inputPaths = (
				"${SRCROOT}/Pods/Target Support Files/Pods-weiboLearnSwift/Pods-weiboLearnSwift-frameworks.sh",
				"${BUILT_PRODUCTS_DIR}/AFNetworking/AFNetworking.framework",
				"${BUILT_PRODUCTS_DIR}/MJRefresh/MJRefresh.framework",
				"${BUILT_PRODUCTS_DIR}/SVProgressHUD/SVProgressHUD.framework",
				"${BUILT_PRODUCTS_DIR}/SnapKit/SnapKit.framework",
			);
			name = "[CP] Embed Pods Frameworks";
			outputPaths = (
				"${TARGET_BUILD_DIR}/${FRAMEWORKS_FOLDER_PATH}/AFNetworking.framework",
				"${TARGET_BUILD_DIR}/${FRAMEWORKS_FOLDER_PATH}/MJRefresh.framework",
				"${TARGET_BUILD_DIR}/${FRAMEWORKS_FOLDER_PATH}/SVProgressHUD.framework",
				"${TARGET_BUILD_DIR}/${FRAMEWORKS_FOLDER_PATH}/SnapKit.framework",
			);
			runOnlyForDeploymentPostprocessing = 0;
			shellPath = /bin/sh;
			shellScript = "\"${SRCROOT}/Pods/Target Support Files/Pods-weiboLearnSwift/Pods-weiboLearnSwift-frameworks.sh\"\n";
			showEnvVarsInLog = 0;
		};
/* End PBXShellScriptBuildPhase section */

/* Begin PBXSourcesBuildPhase section */
		E9AD2ADE1F4BBA7800D60C34 /* Sources */ = {
			isa = PBXSourcesBuildPhase;
			buildActionMask = 2147483647;
			files = (
				E91B8AEA1F4D1F9000F6C640 /* JHWbMeTableViewController.swift in Sources */,
				E94C26411F61BC8E00C69DF4 /* JHWbMoblieRegistView.swift in Sources */,
				E9CC97BD1F65805800263D08 /* JHWbTableViewCell.swift in Sources */,
				E94494211F4EE73E0053DFC3 /* UIView-Frame.swift in Sources */,
				E9157A371F66538B00AC896E /* JHWbAreaPickOtherAreaBtn.swift in Sources */,
				E944941F1F4EE3FC0053DFC3 /* JHColor.swift in Sources */,
				E927260E1F68C6B800D8B818 /* JHWbSettingBaseTableViewController.swift in Sources */,
				E94494291F4EFC850053DFC3 /* JHConstPCH.swift in Sources */,
				E94C263D1F61B77D00C69DF4 /* JHWbVisitorButton.swift in Sources */,
				E91B8AEB1F4D1F9000F6C640 /* JHWbRegistViewController.swift in Sources */,
				E9126B511F5948730012F1A6 /* JHWbAreaPickTableViewCell.swift in Sources */,
				E92726101F68C7D700D8B818 /* JHWbSettingGroupModel.swift in Sources */,
				E9A5F84E1F61CCA5005D39C9 /* JHWbOtherRegistButton.swift in Sources */,
				E9157A331F663F2100AC896E /* JHWbAreaPickViewController.swift in Sources */,
				E92726121F68CADA00D8B818 /* JHWbSettingItemModel.swift in Sources */,
				E91B8AEF1F4D2C1E00F6C640 /* JHWbComposeViewController.swift in Sources */,
				E93038531F571464008F7114 /* JHWbVisitorView.swift in Sources */,
				1F5B21A61F4D625500448B2F /* UIButton-Extension.swift in Sources */,
				E9E6F09E1F5880FD00482DAF /* JHWbAreaPickTableViewController.swift in Sources */,
				E944941B1F4EDD300053DFC3 /* JHWbHomeTitleButton.swift in Sources */,
				E9A5F8501F61CF92005D39C9 /* JHWbOtherRegistView.swift in Sources */,
				E94494271F4EF1930053DFC3 /* JHScreenFitUtil.swift in Sources */,
				E94EFC4D1F65203200FF830E /* JHWbTimeCountDown.swift in Sources */,
				E9086AD51F5FEAAA00BD421E /* UIView-Extension.swift in Sources */,
				E9C880921F66DFB800313F77 /* JHWbLoginViewController.swift in Sources */,
				E9730E931F588AA100006773 /* JHWbAreaInfoModel.swift in Sources */,
				E9C880941F66E30900313F77 /* JHWbLoginMobileView.swift in Sources */,
				E94494251F4EF0C70053DFC3 /* JHWbConfig.swift in Sources */,
				E9730E951F589FE800006773 /* JHWbAreaPickModel.swift in Sources */,
				E9AD2B1C1F4BBF0600D60C34 /* AppDelegate.swift in Sources */,
				E92A8E331F64FEAA00E38970 /* JHWbAdvertViewController.swift in Sources */,
				E93038511F571448008F7114 /* JHWbBaseTableViewController.swift in Sources */,
				E91B8AE81F4D1F9000F6C640 /* JHWbDiscoverTableViewController.swift in Sources */,
				E9C5DBF71F62541D0035C374 /* JHWbMobileTextField.swift in Sources */,
				E91B8AED1F4D21DD00F6C640 /* JHWbMainViewController.swift in Sources */,
				E96EAB701F67F5FF00217CD0 /* JHWbSettingUnLoginTableViewController.swift in Sources */,
				E98B06291F6804D000E2E015 /* JHWbSettingTableViewCell.swift in Sources */,
				E91B8AE61F4D1F9000F6C640 /* JHWbMessageTableTableViewController.swift in Sources */,
				E9157A391F66669000AC896E /* JHWbAreaPickOtherWebViewController.swift in Sources */,
				E970881F1F65A0A700E04E56 /* JHWbAreaPickTableHeaderView.swift in Sources */,
				E91B8AE41F4D1F9000F6C640 /* JHWbHomeTableViewController.swift in Sources */,
				E9EBD1591F6AAD3000500B73 /* JHWbTabBarAddBtn.swift in Sources */,
				E93002D51F6A4B960079E2C8 /* JHWbMainTabBar.swift in Sources */,
			);
			runOnlyForDeploymentPostprocessing = 0;
		};
/* End PBXSourcesBuildPhase section */

/* Begin XCBuildConfiguration section */
		E9AD2B081F4BBA7800D60C34 /* Debug */ = {
			isa = XCBuildConfiguration;
			buildSettings = {
				ALWAYS_SEARCH_USER_PATHS = NO;
				CLANG_ANALYZER_NONNULL = YES;
				CLANG_ANALYZER_NUMBER_OBJECT_CONVERSION = YES_AGGRESSIVE;
				CLANG_CXX_LANGUAGE_STANDARD = "gnu++0x";
				CLANG_CXX_LIBRARY = "libc++";
				CLANG_ENABLE_MODULES = YES;
				CLANG_ENABLE_OBJC_ARC = YES;
				CLANG_WARN_BLOCK_CAPTURE_AUTORELEASING = YES;
				CLANG_WARN_BOOL_CONVERSION = YES;
				CLANG_WARN_COMMA = YES;
				CLANG_WARN_CONSTANT_CONVERSION = YES;
				CLANG_WARN_DIRECT_OBJC_ISA_USAGE = YES_ERROR;
				CLANG_WARN_DOCUMENTATION_COMMENTS = YES;
				CLANG_WARN_EMPTY_BODY = YES;
				CLANG_WARN_ENUM_CONVERSION = YES;
				CLANG_WARN_INFINITE_RECURSION = YES;
				CLANG_WARN_INT_CONVERSION = YES;
				CLANG_WARN_NON_LITERAL_NULL_CONVERSION = YES;
				CLANG_WARN_OBJC_LITERAL_CONVERSION = YES;
				CLANG_WARN_OBJC_ROOT_CLASS = YES_ERROR;
				CLANG_WARN_RANGE_LOOP_ANALYSIS = YES;
				CLANG_WARN_STRICT_PROTOTYPES = YES;
				CLANG_WARN_SUSPICIOUS_MOVE = YES;
				CLANG_WARN_UNREACHABLE_CODE = YES;
				CLANG_WARN__DUPLICATE_METHOD_MATCH = YES;
				"CODE_SIGN_IDENTITY[sdk=iphoneos*]" = "iPhone Developer";
				COPY_PHASE_STRIP = NO;
				DEBUG_INFORMATION_FORMAT = dwarf;
				ENABLE_STRICT_OBJC_MSGSEND = YES;
				ENABLE_TESTABILITY = YES;
				GCC_C_LANGUAGE_STANDARD = gnu99;
				GCC_DYNAMIC_NO_PIC = NO;
				GCC_NO_COMMON_BLOCKS = YES;
				GCC_OPTIMIZATION_LEVEL = 0;
				GCC_PREPROCESSOR_DEFINITIONS = (
					"DEBUG=1",
					"$(inherited)",
				);
				GCC_WARN_64_TO_32_BIT_CONVERSION = YES;
				GCC_WARN_ABOUT_RETURN_TYPE = YES_ERROR;
				GCC_WARN_UNDECLARED_SELECTOR = YES;
				GCC_WARN_UNINITIALIZED_AUTOS = YES_AGGRESSIVE;
				GCC_WARN_UNUSED_FUNCTION = YES;
				GCC_WARN_UNUSED_VARIABLE = YES;
				IPHONEOS_DEPLOYMENT_TARGET = 10.3;
				MTL_ENABLE_DEBUG_INFO = YES;
				ONLY_ACTIVE_ARCH = YES;
				SDKROOT = iphoneos;
				SWIFT_ACTIVE_COMPILATION_CONDITIONS = DEBUG;
				SWIFT_OPTIMIZATION_LEVEL = "-Onone";
			};
			name = Debug;
		};
		E9AD2B091F4BBA7800D60C34 /* Release */ = {
			isa = XCBuildConfiguration;
			buildSettings = {
				ALWAYS_SEARCH_USER_PATHS = NO;
				CLANG_ANALYZER_NONNULL = YES;
				CLANG_ANALYZER_NUMBER_OBJECT_CONVERSION = YES_AGGRESSIVE;
				CLANG_CXX_LANGUAGE_STANDARD = "gnu++0x";
				CLANG_CXX_LIBRARY = "libc++";
				CLANG_ENABLE_MODULES = YES;
				CLANG_ENABLE_OBJC_ARC = YES;
				CLANG_WARN_BLOCK_CAPTURE_AUTORELEASING = YES;
				CLANG_WARN_BOOL_CONVERSION = YES;
				CLANG_WARN_COMMA = YES;
				CLANG_WARN_CONSTANT_CONVERSION = YES;
				CLANG_WARN_DIRECT_OBJC_ISA_USAGE = YES_ERROR;
				CLANG_WARN_DOCUMENTATION_COMMENTS = YES;
				CLANG_WARN_EMPTY_BODY = YES;
				CLANG_WARN_ENUM_CONVERSION = YES;
				CLANG_WARN_INFINITE_RECURSION = YES;
				CLANG_WARN_INT_CONVERSION = YES;
				CLANG_WARN_NON_LITERAL_NULL_CONVERSION = YES;
				CLANG_WARN_OBJC_LITERAL_CONVERSION = YES;
				CLANG_WARN_OBJC_ROOT_CLASS = YES_ERROR;
				CLANG_WARN_RANGE_LOOP_ANALYSIS = YES;
				CLANG_WARN_STRICT_PROTOTYPES = YES;
				CLANG_WARN_SUSPICIOUS_MOVE = YES;
				CLANG_WARN_UNREACHABLE_CODE = YES;
				CLANG_WARN__DUPLICATE_METHOD_MATCH = YES;
				"CODE_SIGN_IDENTITY[sdk=iphoneos*]" = "iPhone Developer";
				COPY_PHASE_STRIP = NO;
				DEBUG_INFORMATION_FORMAT = "dwarf-with-dsym";
				ENABLE_NS_ASSERTIONS = NO;
				ENABLE_STRICT_OBJC_MSGSEND = YES;
				GCC_C_LANGUAGE_STANDARD = gnu99;
				GCC_NO_COMMON_BLOCKS = YES;
				GCC_WARN_64_TO_32_BIT_CONVERSION = YES;
				GCC_WARN_ABOUT_RETURN_TYPE = YES_ERROR;
				GCC_WARN_UNDECLARED_SELECTOR = YES;
				GCC_WARN_UNINITIALIZED_AUTOS = YES_AGGRESSIVE;
				GCC_WARN_UNUSED_FUNCTION = YES;
				GCC_WARN_UNUSED_VARIABLE = YES;
				IPHONEOS_DEPLOYMENT_TARGET = 10.3;
				MTL_ENABLE_DEBUG_INFO = NO;
				SDKROOT = iphoneos;
				SWIFT_OPTIMIZATION_LEVEL = "-Owholemodule";
				VALIDATE_PRODUCT = YES;
			};
			name = Release;
		};
		E9AD2B0B1F4BBA7800D60C34 /* Debug */ = {
			isa = XCBuildConfiguration;
			baseConfigurationReference = B1483462D2CE2FF525D87E64 /* Pods-weiboLearnSwift.debug.xcconfig */;
			buildSettings = {
				ASSETCATALOG_COMPILER_APPICON_NAME = AppIcon;
				ASSETCATALOG_COMPILER_LAUNCHIMAGE_NAME = LaunchImage;
				CLANG_ENABLE_MODULES = YES;
				DEVELOPMENT_TEAM = QMR2DC8U7N;
				INFOPLIST_FILE = weiboLearnSwift/Info.plist;
				LD_RUNPATH_SEARCH_PATHS = "$(inherited) @executable_path/Frameworks";
				PRODUCT_BUNDLE_IDENTIFIER = "-.weiboLearnSwift";
				PRODUCT_NAME = "$(TARGET_NAME)";
				SWIFT_OPTIMIZATION_LEVEL = "-Onone";
				SWIFT_SWIFT3_OBJC_INFERENCE = On;
				SWIFT_VERSION = 4.0;
			};
			name = Debug;
		};
		E9AD2B0C1F4BBA7800D60C34 /* Release */ = {
			isa = XCBuildConfiguration;
			baseConfigurationReference = 5D54D10EED44105E50CAF59E /* Pods-weiboLearnSwift.release.xcconfig */;
			buildSettings = {
				ASSETCATALOG_COMPILER_APPICON_NAME = AppIcon;
				ASSETCATALOG_COMPILER_LAUNCHIMAGE_NAME = LaunchImage;
				CLANG_ENABLE_MODULES = YES;
				DEVELOPMENT_TEAM = QMR2DC8U7N;
				INFOPLIST_FILE = weiboLearnSwift/Info.plist;
				LD_RUNPATH_SEARCH_PATHS = "$(inherited) @executable_path/Frameworks";
				PRODUCT_BUNDLE_IDENTIFIER = "-.weiboLearnSwift";
				PRODUCT_NAME = "$(TARGET_NAME)";
				SWIFT_SWIFT3_OBJC_INFERENCE = On;
				SWIFT_VERSION = 4.0;
			};
			name = Release;
		};
/* End XCBuildConfiguration section */

/* Begin XCConfigurationList section */
		E9AD2ADD1F4BBA7800D60C34 /* Build configuration list for PBXProject "weiboLearnSwift" */ = {
			isa = XCConfigurationList;
			buildConfigurations = (
				E9AD2B081F4BBA7800D60C34 /* Debug */,
				E9AD2B091F4BBA7800D60C34 /* Release */,
			);
			defaultConfigurationIsVisible = 0;
			defaultConfigurationName = Release;
		};
		E9AD2B0A1F4BBA7800D60C34 /* Build configuration list for PBXNativeTarget "weiboLearnSwift" */ = {
			isa = XCConfigurationList;
			buildConfigurations = (
				E9AD2B0B1F4BBA7800D60C34 /* Debug */,
				E9AD2B0C1F4BBA7800D60C34 /* Release */,
			);
			defaultConfigurationIsVisible = 0;
			defaultConfigurationName = Release;
		};
/* End XCConfigurationList section */
	};
	rootObject = E9AD2ADA1F4BBA7800D60C34 /* Project object */;
}
